// !$*UTF8*$!
{
	archiveVersion = 1;
	classes = {
	};
	objectVersion = 55;
	objects = {

/* Begin PBXBuildFile section */
		7CB413DF26EA824100544BA7 /* ScrumdingerApp.swift in Sources */ = {isa = PBXBuildFile; fileRef = 7CB413DE26EA824100544BA7 /* ScrumdingerApp.swift */; };
		7CB413E126EA824100544BA7 /* MeetingView.swift in Sources */ = {isa = PBXBuildFile; fileRef = 7CB413E026EA824100544BA7 /* MeetingView.swift */; };
		7CB413E326EA824300544BA7 /* Assets.xcassets in Resources */ = {isa = PBXBuildFile; fileRef = 7CB413E226EA824300544BA7 /* Assets.xcassets */; };
		7CB413E626EA824300544BA7 /* Preview Assets.xcassets in Resources */ = {isa = PBXBuildFile; fileRef = 7CB413E526EA824300544BA7 /* Preview Assets.xcassets */; };
		E1375A68281EDC3D0046C5E0 /* DailyScrum.swift in Sources */ = {isa = PBXBuildFile; fileRef = E1375A67281EDC3D0046C5E0 /* DailyScrum.swift */; };
		E1375A6B281F3E710046C5E0 /* CardView.swift in Sources */ = {isa = PBXBuildFile; fileRef = E1375A6A281F3E710046C5E0 /* CardView.swift */; };
		E13AB4D7281ED5AE006EB8CE /* Themes.swift in Sources */ = {isa = PBXBuildFile; fileRef = E13AB4D6281ED5AE006EB8CE /* Themes.swift */; };
		E13BC266281F47E900BA7731 /* TrailingIconLabelStyle.swift in Sources */ = {isa = PBXBuildFile; fileRef = E13BC265281F47E900BA7731 /* TrailingIconLabelStyle.swift */; };
		E13BC268281F4BD900BA7731 /* ScrumsView.swift in Sources */ = {isa = PBXBuildFile; fileRef = E13BC267281F4BD900BA7731 /* ScrumsView.swift */; };
		E13BC26A281F58E900BA7731 /* DetailView.swift in Sources */ = {isa = PBXBuildFile; fileRef = E13BC269281F58E900BA7731 /* DetailView.swift */; };
		E13BC26C2820423C00BA7731 /* DetailEditView.swift in Sources */ = {isa = PBXBuildFile; fileRef = E13BC26B2820423C00BA7731 /* DetailEditView.swift */; };
		E13BC26E2820A02F00BA7731 /* ThemeView.swift in Sources */ = {isa = PBXBuildFile; fileRef = E13BC26D2820A02F00BA7731 /* ThemeView.swift */; };
		E13BC2702820A38900BA7731 /* ThemePicker.swift in Sources */ = {isa = PBXBuildFile; fileRef = E13BC26F2820A38900BA7731 /* ThemePicker.swift */; };
		E13BC27228244B5500BA7731 /* MeetingHeaderView.swift in Sources */ = {isa = PBXBuildFile; fileRef = E13BC27128244B5500BA7731 /* MeetingHeaderView.swift */; };
		E13BC2742824588A00BA7731 /* ScrumProgressViewStyle.swift in Sources */ = {isa = PBXBuildFile; fileRef = E13BC2732824588A00BA7731 /* ScrumProgressViewStyle.swift */; };
		E13BC2762824711C00BA7731 /* ScrumTimer.swift in Sources */ = {isa = PBXBuildFile; fileRef = E13BC2752824711C00BA7731 /* ScrumTimer.swift */; };
		E13BC2782824742200BA7731 /* MeetingFooterView.swift in Sources */ = {isa = PBXBuildFile; fileRef = E13BC2772824742200BA7731 /* MeetingFooterView.swift */; };
		E13BC27A282477F000BA7731 /* AVPlayer+Ding.swift in Sources */ = {isa = PBXBuildFile; fileRef = E13BC279282477F000BA7731 /* AVPlayer+Ding.swift */; };
		E13BC27C2825879F00BA7731 /* History.swift in Sources */ = {isa = PBXBuildFile; fileRef = E13BC27B2825879F00BA7731 /* History.swift */; };
		E13BC27E2825938200BA7731 /* ScrumStore.swift in Sources */ = {isa = PBXBuildFile; fileRef = E13BC27D2825938200BA7731 /* ScrumStore.swift */; };
		E13BC2802826B3F400BA7731 /* File.swift in Sources */ = {isa = PBXBuildFile; fileRef = E13BC27F2826B3F400BA7731 /* File.swift */; };
		E13BC28228295FB400BA7731 /* ErrorWrapper.swift in Sources */ = {isa = PBXBuildFile; fileRef = E13BC28128295FB400BA7731 /* ErrorWrapper.swift */; };
		E13BC284282967F000BA7731 /* ErrorView.swift in Sources */ = {isa = PBXBuildFile; fileRef = E13BC283282967F000BA7731 /* ErrorView.swift */; };
		E13BC286282AB95F00BA7731 /* MeetingTimerView.swift in Sources */ = {isa = PBXBuildFile; fileRef = E13BC285282AB95F00BA7731 /* MeetingTimerView.swift */; };
		E13BC288282AC16E00BA7731 /* SpeakerArc.swift in Sources */ = {isa = PBXBuildFile; fileRef = E13BC287282AC16E00BA7731 /* SpeakerArc.swift */; };
/* End PBXBuildFile section */

/* Begin PBXFileReference section */
		7CB413DB26EA824100544BA7 /* Scrumdinger.app */ = {isa = PBXFileReference; explicitFileType = wrapper.application; includeInIndex = 0; path = Scrumdinger.app; sourceTree = BUILT_PRODUCTS_DIR; };
		7CB413DE26EA824100544BA7 /* ScrumdingerApp.swift */ = {isa = PBXFileReference; lastKnownFileType = sourcecode.swift; path = ScrumdingerApp.swift; sourceTree = "<group>"; };
		7CB413E026EA824100544BA7 /* MeetingView.swift */ = {isa = PBXFileReference; lastKnownFileType = sourcecode.swift; path = MeetingView.swift; sourceTree = "<group>"; };
		7CB413E226EA824300544BA7 /* Assets.xcassets */ = {isa = PBXFileReference; lastKnownFileType = folder.assetcatalog; path = Assets.xcassets; sourceTree = "<group>"; };
		7CB413E526EA824300544BA7 /* Preview Assets.xcassets */ = {isa = PBXFileReference; lastKnownFileType = folder.assetcatalog; path = "Preview Assets.xcassets"; sourceTree = "<group>"; };
		AA0F3C2C2720840400945F09 /* SampleCode.xcconfig */ = {isa = PBXFileReference; lastKnownFileType = text.xcconfig; path = SampleCode.xcconfig; sourceTree = "<group>"; };
		AA16F03327206AF60072BC4A /* README.md */ = {isa = PBXFileReference; lastKnownFileType = net.daringfireball.markdown; path = README.md; sourceTree = "<group>"; };
		AA16F03627206B620072BC4A /* LICENSE.txt */ = {isa = PBXFileReference; lastKnownFileType = text; path = LICENSE.txt; sourceTree = "<group>"; };
		E1375A67281EDC3D0046C5E0 /* DailyScrum.swift */ = {isa = PBXFileReference; lastKnownFileType = sourcecode.swift; path = DailyScrum.swift; sourceTree = "<group>"; };
		E1375A6A281F3E710046C5E0 /* CardView.swift */ = {isa = PBXFileReference; lastKnownFileType = sourcecode.swift; path = CardView.swift; sourceTree = "<group>"; };
		E13AB4D6281ED5AE006EB8CE /* Themes.swift */ = {isa = PBXFileReference; lastKnownFileType = sourcecode.swift; path = Themes.swift; sourceTree = "<group>"; };
		E13BC265281F47E900BA7731 /* TrailingIconLabelStyle.swift */ = {isa = PBXFileReference; lastKnownFileType = sourcecode.swift; path = TrailingIconLabelStyle.swift; sourceTree = "<group>"; };
		E13BC267281F4BD900BA7731 /* ScrumsView.swift */ = {isa = PBXFileReference; lastKnownFileType = sourcecode.swift; path = ScrumsView.swift; sourceTree = "<group>"; };
		E13BC269281F58E900BA7731 /* DetailView.swift */ = {isa = PBXFileReference; lastKnownFileType = sourcecode.swift; path = DetailView.swift; sourceTree = "<group>"; };
		E13BC26B2820423C00BA7731 /* DetailEditView.swift */ = {isa = PBXFileReference; lastKnownFileType = sourcecode.swift; path = DetailEditView.swift; sourceTree = "<group>"; };
		E13BC26D2820A02F00BA7731 /* ThemeView.swift */ = {isa = PBXFileReference; lastKnownFileType = sourcecode.swift; path = ThemeView.swift; sourceTree = "<group>"; };
		E13BC26F2820A38900BA7731 /* ThemePicker.swift */ = {isa = PBXFileReference; lastKnownFileType = sourcecode.swift; path = ThemePicker.swift; sourceTree = "<group>"; };
		E13BC27128244B5500BA7731 /* MeetingHeaderView.swift */ = {isa = PBXFileReference; lastKnownFileType = sourcecode.swift; path = MeetingHeaderView.swift; sourceTree = "<group>"; };
		E13BC2732824588A00BA7731 /* ScrumProgressViewStyle.swift */ = {isa = PBXFileReference; lastKnownFileType = sourcecode.swift; path = ScrumProgressViewStyle.swift; sourceTree = "<group>"; };
		E13BC2752824711C00BA7731 /* ScrumTimer.swift */ = {isa = PBXFileReference; lastKnownFileType = sourcecode.swift; path = ScrumTimer.swift; sourceTree = "<group>"; };
		E13BC2772824742200BA7731 /* MeetingFooterView.swift */ = {isa = PBXFileReference; lastKnownFileType = sourcecode.swift; path = MeetingFooterView.swift; sourceTree = "<group>"; };
		E13BC279282477F000BA7731 /* AVPlayer+Ding.swift */ = {isa = PBXFileReference; lastKnownFileType = sourcecode.swift; path = "AVPlayer+Ding.swift"; sourceTree = "<group>"; };
		E13BC27B2825879F00BA7731 /* History.swift */ = {isa = PBXFileReference; lastKnownFileType = sourcecode.swift; path = History.swift; sourceTree = "<group>"; };
		E13BC27D2825938200BA7731 /* ScrumStore.swift */ = {isa = PBXFileReference; lastKnownFileType = sourcecode.swift; path = ScrumStore.swift; sourceTree = "<group>"; };
		E13BC27F2826B3F400BA7731 /* File.swift */ = {isa = PBXFileReference; lastKnownFileType = sourcecode.swift; path = File.swift; sourceTree = "<group>"; };
		E13BC28128295FB400BA7731 /* ErrorWrapper.swift */ = {isa = PBXFileReference; lastKnownFileType = sourcecode.swift; path = ErrorWrapper.swift; sourceTree = "<group>"; };
		E13BC283282967F000BA7731 /* ErrorView.swift */ = {isa = PBXFileReference; lastKnownFileType = sourcecode.swift; path = ErrorView.swift; sourceTree = "<group>"; };
		E13BC285282AB95F00BA7731 /* MeetingTimerView.swift */ = {isa = PBXFileReference; lastKnownFileType = sourcecode.swift; path = MeetingTimerView.swift; sourceTree = "<group>"; };
		E13BC287282AC16E00BA7731 /* SpeakerArc.swift */ = {isa = PBXFileReference; lastKnownFileType = sourcecode.swift; path = SpeakerArc.swift; sourceTree = "<group>"; };
		E13BC28D282AE5EF00BA7731 /* ding.wav */ = {isa = PBXFileReference; lastKnownFileType = audio.wav; path = ding.wav; sourceTree = "<group>"; };
/* End PBXFileReference section */

/* Begin PBXFrameworksBuildPhase section */
		7CB413D826EA824100544BA7 /* Frameworks */ = {
			isa = PBXFrameworksBuildPhase;
			buildActionMask = 2147483647;
			files = (
			);
			runOnlyForDeploymentPostprocessing = 0;
		};
/* End PBXFrameworksBuildPhase section */

/* Begin PBXGroup section */
		7CB413D226EA824100544BA7 = {
			isa = PBXGroup;
			children = (
				AA16F03327206AF60072BC4A /* README.md */,
				7CB413DD26EA824100544BA7 /* Scrumdinger */,
				AA0F3C2B2720840400945F09 /* Configuration */,
				AA16F03527206B620072BC4A /* LICENSE */,
				7CB413DC26EA824100544BA7 /* Products */,
			);
			sourceTree = "<group>";
		};
		7CB413DC26EA824100544BA7 /* Products */ = {
			isa = PBXGroup;
			children = (
				7CB413DB26EA824100544BA7 /* Scrumdinger.app */,
			);
			name = Products;
			sourceTree = "<group>";
		};
		7CB413DD26EA824100544BA7 /* Scrumdinger */ = {
			isa = PBXGroup;
			children = (
				E13BC28C282AE5E500BA7731 /* Resources */,
				E13BC289282AE4C700BA7731 /* New Group */,
				E1375A69281F3E4E0046C5E0 /* Views */,
				E13AB4D5281ED591006EB8CE /* Models */,
				7CB413DE26EA824100544BA7 /* ScrumdingerApp.swift */,
				E13BC27F2826B3F400BA7731 /* File.swift */,
				7CB413E226EA824300544BA7 /* Assets.xcassets */,
				7CB413E426EA824300544BA7 /* Preview Content */,
				E13BC265281F47E900BA7731 /* TrailingIconLabelStyle.swift */,
			);
			path = Scrumdinger;
			sourceTree = "<group>";
		};
		7CB413E426EA824300544BA7 /* Preview Content */ = {
			isa = PBXGroup;
			children = (
				7CB413E526EA824300544BA7 /* Preview Assets.xcassets */,
			);
			path = "Preview Content";
			sourceTree = "<group>";
		};
		AA0F3C2B2720840400945F09 /* Configuration */ = {
			isa = PBXGroup;
			children = (
				AA0F3C2C2720840400945F09 /* SampleCode.xcconfig */,
			);
			path = Configuration;
			sourceTree = "<group>";
		};
		AA16F03527206B620072BC4A /* LICENSE */ = {
			isa = PBXGroup;
			children = (
				AA16F03627206B620072BC4A /* LICENSE.txt */,
			);
			path = LICENSE;
			sourceTree = SOURCE_ROOT;
		};
		E1375A69281F3E4E0046C5E0 /* Views */ = {
			isa = PBXGroup;
			children = (
				7CB413E026EA824100544BA7 /* MeetingView.swift */,
				E1375A6A281F3E710046C5E0 /* CardView.swift */,
				E13BC267281F4BD900BA7731 /* ScrumsView.swift */,
				E13BC269281F58E900BA7731 /* DetailView.swift */,
				E13BC26B2820423C00BA7731 /* DetailEditView.swift */,
				E13BC26D2820A02F00BA7731 /* ThemeView.swift */,
				E13BC26F2820A38900BA7731 /* ThemePicker.swift */,
				E13BC27128244B5500BA7731 /* MeetingHeaderView.swift */,
				E13BC2732824588A00BA7731 /* ScrumProgressViewStyle.swift */,
				E13BC2772824742200BA7731 /* MeetingFooterView.swift */,
				E13BC283282967F000BA7731 /* ErrorView.swift */,
				E13BC285282AB95F00BA7731 /* MeetingTimerView.swift */,
				E13BC287282AC16E00BA7731 /* SpeakerArc.swift */,
			);
			path = Views;
			sourceTree = "<group>";
		};
		E13AB4D5281ED591006EB8CE /* Models */ = {
			isa = PBXGroup;
			children = (
				E13AB4D6281ED5AE006EB8CE /* Themes.swift */,
				E1375A67281EDC3D0046C5E0 /* DailyScrum.swift */,
				E13BC2752824711C00BA7731 /* ScrumTimer.swift */,
				E13BC279282477F000BA7731 /* AVPlayer+Ding.swift */,
				E13BC27B2825879F00BA7731 /* History.swift */,
				E13BC27D2825938200BA7731 /* ScrumStore.swift */,
				E13BC28128295FB400BA7731 /* ErrorWrapper.swift */,
			);
			path = Models;
			sourceTree = "<group>";
		};
		E13BC289282AE4C700BA7731 /* New Group */ = {
			isa = PBXGroup;
			children = (
			);
			path = "New Group";
			sourceTree = "<group>";
		};
		E13BC28C282AE5E500BA7731 /* Resources */ = {
			isa = PBXGroup;
			children = (
				E13BC28D282AE5EF00BA7731 /* ding.wav */,
			);
			path = Resources;
			sourceTree = "<group>";
		};
/* End PBXGroup section */

/* Begin PBXNativeTarget section */
		7CB413DA26EA824100544BA7 /* Scrumdinger */ = {
			isa = PBXNativeTarget;
			buildConfigurationList = 7CB413E926EA824300544BA7 /* Build configuration list for PBXNativeTarget "Scrumdinger" */;
			buildPhases = (
				7CB413D726EA824100544BA7 /* Sources */,
				7CB413D826EA824100544BA7 /* Frameworks */,
				7CB413D926EA824100544BA7 /* Resources */,
			);
			buildRules = (
			);
			dependencies = (
			);
			name = Scrumdinger;
			productName = Scrumdinger;
			productReference = 7CB413DB26EA824100544BA7 /* Scrumdinger.app */;
			productType = "com.apple.product-type.application";
		};
/* End PBXNativeTarget section */

/* Begin PBXProject section */
		7CB413D326EA824100544BA7 /* Project object */ = {
			isa = PBXProject;
			attributes = {
				BuildIndependentTargetsInParallel = 1;
				LastSwiftUpdateCheck = 1300;
				LastUpgradeCheck = 1300;
				TargetAttributes = {
					7CB413DA26EA824100544BA7 = {
						CreatedOnToolsVersion = 13.0;
					};
				};
			};
			buildConfigurationList = 7CB413D626EA824100544BA7 /* Build configuration list for PBXProject "Scrumdinger" */;
			compatibilityVersion = "Xcode 13.0";
			developmentRegion = en;
			hasScannedForEncodings = 0;
			knownRegions = (
				en,
				Base,
			);
			mainGroup = 7CB413D226EA824100544BA7;
			productRefGroup = 7CB413DC26EA824100544BA7 /* Products */;
			projectDirPath = "";
			projectRoot = "";
			targets = (
				7CB413DA26EA824100544BA7 /* Scrumdinger */,
			);
		};
/* End PBXProject section */

/* Begin PBXResourcesBuildPhase section */
		7CB413D926EA824100544BA7 /* Resources */ = {
			isa = PBXResourcesBuildPhase;
			buildActionMask = 2147483647;
			files = (
				7CB413E626EA824300544BA7 /* Preview Assets.xcassets in Resources */,
				7CB413E326EA824300544BA7 /* Assets.xcassets in Resources */,
			);
			runOnlyForDeploymentPostprocessing = 0;
		};
/* End PBXResourcesBuildPhase section */

/* Begin PBXSourcesBuildPhase section */
		7CB413D726EA824100544BA7 /* Sources */ = {
			isa = PBXSourcesBuildPhase;
			buildActionMask = 2147483647;
			files = (
				E13BC27C2825879F00BA7731 /* History.swift in Sources */,
				E13BC2702820A38900BA7731 /* ThemePicker.swift in Sources */,
				E13BC2742824588A00BA7731 /* ScrumProgressViewStyle.swift in Sources */,
				E13BC2782824742200BA7731 /* MeetingFooterView.swift in Sources */,
				E13BC288282AC16E00BA7731 /* SpeakerArc.swift in Sources */,
				E13BC284282967F000BA7731 /* ErrorView.swift in Sources */,
				E13BC286282AB95F00BA7731 /* MeetingTimerView.swift in Sources */,
				E13BC27E2825938200BA7731 /* ScrumStore.swift in Sources */,
				E13BC2762824711C00BA7731 /* ScrumTimer.swift in Sources */,
				E1375A68281EDC3D0046C5E0 /* DailyScrum.swift in Sources */,
				E13BC26A281F58E900BA7731 /* DetailView.swift in Sources */,
				E13BC28228295FB400BA7731 /* ErrorWrapper.swift in Sources */,
				E13BC27228244B5500BA7731 /* MeetingHeaderView.swift in Sources */,
				E13BC26C2820423C00BA7731 /* DetailEditView.swift in Sources */,
				E13BC266281F47E900BA7731 /* TrailingIconLabelStyle.swift in Sources */,
				7CB413E126EA824100544BA7 /* MeetingView.swift in Sources */,
				E13BC268281F4BD900BA7731 /* ScrumsView.swift in Sources */,
				E13AB4D7281ED5AE006EB8CE /* Themes.swift in Sources */,
				7CB413DF26EA824100544BA7 /* ScrumdingerApp.swift in Sources */,
				E13BC26E2820A02F00BA7731 /* ThemeView.swift in Sources */,
				E1375A6B281F3E710046C5E0 /* CardView.swift in Sources */,
				E13BC2802826B3F400BA7731 /* File.swift in Sources */,
				E13BC27A282477F000BA7731 /* AVPlayer+Ding.swift in Sources */,
			);
			runOnlyForDeploymentPostprocessing = 0;
		};
/* End PBXSourcesBuildPhase section */

/* Begin XCBuildConfiguration section */
		7CB413E726EA824300544BA7 /* Debug */ = {
			isa = XCBuildConfiguration;
			baseConfigurationReference = AA0F3C2C2720840400945F09 /* SampleCode.xcconfig */;
			buildSettings = {
				ALWAYS_SEARCH_USER_PATHS = NO;
				CLANG_ANALYZER_NONNULL = YES;
				CLANG_ANALYZER_NUMBER_OBJECT_CONVERSION = YES_AGGRESSIVE;
				CLANG_CXX_LANGUAGE_STANDARD = "gnu++17";
				CLANG_CXX_LIBRARY = "libc++";
				CLANG_ENABLE_MODULES = YES;
				CLANG_ENABLE_OBJC_ARC = YES;
				CLANG_ENABLE_OBJC_WEAK = YES;
				CLANG_WARN_BLOCK_CAPTURE_AUTORELEASING = YES;
				CLANG_WARN_BOOL_CONVERSION = YES;
				CLANG_WARN_COMMA = YES;
				CLANG_WARN_CONSTANT_CONVERSION = YES;
				CLANG_WARN_DEPRECATED_OBJC_IMPLEMENTATIONS = YES;
				CLANG_WARN_DIRECT_OBJC_ISA_USAGE = YES_ERROR;
				CLANG_WARN_DOCUMENTATION_COMMENTS = YES;
				CLANG_WARN_EMPTY_BODY = YES;
				CLANG_WARN_ENUM_CONVERSION = YES;
				CLANG_WARN_INFINITE_RECURSION = YES;
				CLANG_WARN_INT_CONVERSION = YES;
				CLANG_WARN_NON_LITERAL_NULL_CONVERSION = YES;
				CLANG_WARN_OBJC_IMPLICIT_RETAIN_SELF = YES;
				CLANG_WARN_OBJC_LITERAL_CONVERSION = YES;
				CLANG_WARN_OBJC_ROOT_CLASS = YES_ERROR;
				CLANG_WARN_QUOTED_INCLUDE_IN_FRAMEWORK_HEADER = YES;
				CLANG_WARN_RANGE_LOOP_ANALYSIS = YES;
				CLANG_WARN_STRICT_PROTOTYPES = YES;
				CLANG_WARN_SUSPICIOUS_MOVE = YES;
				CLANG_WARN_UNGUARDED_AVAILABILITY = YES_AGGRESSIVE;
				CLANG_WARN_UNREACHABLE_CODE = YES;
				CLANG_WARN__DUPLICATE_METHOD_MATCH = YES;
				COPY_PHASE_STRIP = NO;
				DEBUG_INFORMATION_FORMAT = dwarf;
				ENABLE_STRICT_OBJC_MSGSEND = YES;
				ENABLE_TESTABILITY = YES;
				GCC_C_LANGUAGE_STANDARD = gnu11;
				GCC_DYNAMIC_NO_PIC = NO;
				GCC_NO_COMMON_BLOCKS = YES;
				GCC_OPTIMIZATION_LEVEL = 0;
				GCC_PREPROCESSOR_DEFINITIONS = (
					"DEBUG=1",
					"$(inherited)",
				);
				GCC_WARN_64_TO_32_BIT_CONVERSION = YES;
				GCC_WARN_ABOUT_RETURN_TYPE = YES_ERROR;
				GCC_WARN_UNDECLARED_SELECTOR = YES;
				GCC_WARN_UNINITIALIZED_AUTOS = YES_AGGRESSIVE;
				GCC_WARN_UNUSED_FUNCTION = YES;
				GCC_WARN_UNUSED_VARIABLE = YES;
				IPHONEOS_DEPLOYMENT_TARGET = 15.0;
				MTL_ENABLE_DEBUG_INFO = INCLUDE_SOURCE;
				MTL_FAST_MATH = YES;
				ONLY_ACTIVE_ARCH = YES;
				SDKROOT = iphoneos;
				SWIFT_ACTIVE_COMPILATION_CONDITIONS = DEBUG;
				SWIFT_OPTIMIZATION_LEVEL = "-Onone";
			};
			name = Debug;
		};
		7CB413E826EA824300544BA7 /* Release */ = {
			isa = XCBuildConfiguration;
			baseConfigurationReference = AA0F3C2C2720840400945F09 /* SampleCode.xcconfig */;
			buildSettings = {
				ALWAYS_SEARCH_USER_PATHS = NO;
				CLANG_ANALYZER_NONNULL = YES;
				CLANG_ANALYZER_NUMBER_OBJECT_CONVERSION = YES_AGGRESSIVE;
				CLANG_CXX_LANGUAGE_STANDARD = "gnu++17";
				CLANG_CXX_LIBRARY = "libc++";
				CLANG_ENABLE_MODULES = YES;
				CLANG_ENABLE_OBJC_ARC = YES;
				CLANG_ENABLE_OBJC_WEAK = YES;
				CLANG_WARN_BLOCK_CAPTURE_AUTORELEASING = YES;
				CLANG_WARN_BOOL_CONVERSION = YES;
				CLANG_WARN_COMMA = YES;
				CLANG_WARN_CONSTANT_CONVERSION = YES;
				CLANG_WARN_DEPRECATED_OBJC_IMPLEMENTATIONS = YES;
				CLANG_WARN_DIRECT_OBJC_ISA_USAGE = YES_ERROR;
				CLANG_WARN_DOCUMENTATION_COMMENTS = YES;
				CLANG_WARN_EMPTY_BODY = YES;
				CLANG_WARN_ENUM_CONVERSION = YES;
				CLANG_WARN_INFINITE_RECURSION = YES;
				CLANG_WARN_INT_CONVERSION = YES;
				CLANG_WARN_NON_LITERAL_NULL_CONVERSION = YES;
				CLANG_WARN_OBJC_IMPLICIT_RETAIN_SELF = YES;
				CLANG_WARN_OBJC_LITERAL_CONVERSION = YES;
				CLANG_WARN_OBJC_ROOT_CLASS = YES_ERROR;
				CLANG_WARN_QUOTED_INCLUDE_IN_FRAMEWORK_HEADER = YES;
				CLANG_WARN_RANGE_LOOP_ANALYSIS = YES;
				CLANG_WARN_STRICT_PROTOTYPES = YES;
				CLANG_WARN_SUSPICIOUS_MOVE = YES;
				CLANG_WARN_UNGUARDED_AVAILABILITY = YES_AGGRESSIVE;
				CLANG_WARN_UNREACHABLE_CODE = YES;
				CLANG_WARN__DUPLICATE_METHOD_MATCH = YES;
				COPY_PHASE_STRIP = NO;
				DEBUG_INFORMATION_FORMAT = "dwarf-with-dsym";
				ENABLE_NS_ASSERTIONS = NO;
				ENABLE_STRICT_OBJC_MSGSEND = YES;
				GCC_C_LANGUAGE_STANDARD = gnu11;
				GCC_NO_COMMON_BLOCKS = YES;
				GCC_WARN_64_TO_32_BIT_CONVERSION = YES;
				GCC_WARN_ABOUT_RETURN_TYPE = YES_ERROR;
				GCC_WARN_UNDECLARED_SELECTOR = YES;
				GCC_WARN_UNINITIALIZED_AUTOS = YES_AGGRESSIVE;
				GCC_WARN_UNUSED_FUNCTION = YES;
				GCC_WARN_UNUSED_VARIABLE = YES;
				IPHONEOS_DEPLOYMENT_TARGET = 15.0;
				MTL_ENABLE_DEBUG_INFO = NO;
				MTL_FAST_MATH = YES;
				SDKROOT = iphoneos;
				SWIFT_COMPILATION_MODE = wholemodule;
				SWIFT_OPTIMIZATION_LEVEL = "-O";
				VALIDATE_PRODUCT = YES;
			};
			name = Release;
		};
		7CB413EA26EA824300544BA7 /* Debug */ = {
			isa = XCBuildConfiguration;
			baseConfigurationReference = AA0F3C2C2720840400945F09 /* SampleCode.xcconfig */;
			buildSettings = {
				ASSETCATALOG_COMPILER_APPICON_NAME = AppIcon;
				ASSETCATALOG_COMPILER_GLOBAL_ACCENT_COLOR_NAME = AccentColor;
				CODE_SIGN_STYLE = Automatic;
				CURRENT_PROJECT_VERSION = 1;
				DEVELOPMENT_ASSET_PATHS = "\"Scrumdinger/Preview Content\"";
				ENABLE_PREVIEWS = YES;
				GENERATE_INFOPLIST_FILE = YES;
				INFOPLIST_KEY_UIApplicationSceneManifest_Generation = YES;
				INFOPLIST_KEY_UIApplicationSupportsIndirectInputEvents = YES;
				INFOPLIST_KEY_UILaunchScreen_Generation = YES;
				INFOPLIST_KEY_UISupportedInterfaceOrientations_iPad = "UIInterfaceOrientationPortrait UIInterfaceOrientationPortraitUpsideDown UIInterfaceOrientationLandscapeLeft UIInterfaceOrientationLandscapeRight";
				INFOPLIST_KEY_UISupportedInterfaceOrientations_iPhone = "UIInterfaceOrientationPortrait UIInterfaceOrientationLandscapeLeft UIInterfaceOrientationLandscapeRight";
				IPHONEOS_DEPLOYMENT_TARGET = 15.4;
				LD_RUNPATH_SEARCH_PATHS = (
					"$(inherited)",
					"@executable_path/Frameworks",
				);
				MARKETING_VERSION = 1.0;
				PRODUCT_BUNDLE_IDENTIFIER = "com.example.apple-samplecode.Scrumdinger";
				PRODUCT_NAME = "$(TARGET_NAME)";
				SWIFT_EMIT_LOC_STRINGS = YES;
				SWIFT_VERSION = 5.0;
				TARGETED_DEVICE_FAMILY = "1,2";
			};
			name = Debug;
		};
		7CB413EB26EA824300544BA7 /* Release */ = {
			isa = XCBuildConfiguration;
			baseConfigurationReference = AA0F3C2C2720840400945F09 /* SampleCode.xcconfig */;
			buildSettings = {
				ASSETCATALOG_COMPILER_APPICON_NAME = AppIcon;
				ASSETCATALOG_COMPILER_GLOBAL_ACCENT_COLOR_NAME = AccentColor;
				CODE_SIGN_STYLE = Automatic;
				CURRENT_PROJECT_VERSION = 1;
				DEVELOPMENT_ASSET_PATHS = "\"Scrumdinger/Preview Content\"";
				ENABLE_PREVIEWS = YES;
				GENERATE_INFOPLIST_FILE = YES;
				INFOPLIST_KEY_UIApplicationSceneManifest_Generation = YES;
				INFOPLIST_KEY_UIApplicationSupportsIndirectInputEvents = YES;
				INFOPLIST_KEY_UILaunchScreen_Generation = YES;
				INFOPLIST_KEY_UISupportedInterfaceOrientations_iPad = "UIInterfaceOrientationPortrait UIInterfaceOrientationPortraitUpsideDown UIInterfaceOrientationLandscapeLeft UIInterfaceOrientationLandscapeRight";
				INFOPLIST_KEY_UISupportedInterfaceOrientations_iPhone = "UIInterfaceOrientationPortrait UIInterfaceOrientationLandscapeLeft UIInterfaceOrientationLandscapeRight";
				IPHONEOS_DEPLOYMENT_TARGET = 15.4;
				LD_RUNPATH_SEARCH_PATHS = (
					"$(inherited)",
					"@executable_path/Frameworks",
				);
				MARKETING_VERSION = 1.0;
				PRODUCT_BUNDLE_IDENTIFIER = "com.example.apple-samplecode.Scrumdinger";
				PRODUCT_NAME = "$(TARGET_NAME)";
				SWIFT_EMIT_LOC_STRINGS = YES;
				SWIFT_VERSION = 5.0;
				TARGETED_DEVICE_FAMILY = "1,2";
			};
			name = Release;
		};
/* End XCBuildConfiguration section */

/* Begin XCConfigurationList section */
		7CB413D626EA824100544BA7 /* Build configuration list for PBXProject "Scrumdinger" */ = {
			isa = XCConfigurationList;
			buildConfigurations = (
				7CB413E726EA824300544BA7 /* Debug */,
				7CB413E826EA824300544BA7 /* Release */,
			);
			defaultConfigurationIsVisible = 0;
			defaultConfigurationName = Release;
		};
		7CB413E926EA824300544BA7 /* Build configuration list for PBXNativeTarget "Scrumdinger" */ = {
			isa = XCConfigurationList;
			buildConfigurations = (
				7CB413EA26EA824300544BA7 /* Debug */,
				7CB413EB26EA824300544BA7 /* Release */,
			);
			defaultConfigurationIsVisible = 0;
			defaultConfigurationName = Release;
		};
/* End XCConfigurationList section */
	};
	rootObject = 7CB413D326EA824100544BA7 /* Project object */;
}
